
Microsoft Visual Studio Solution File, Format Version 12.00
# Visual Studio Version 16
VisualStudioVersion = 16.0.31424.327
MinimumVisualStudioVersion = 10.0.40219.1
Project("{9A19103F-16F7-4668-BE54-9A1E7A4F7556}") = "DataImporter", "DataImporter\DataImporter.csproj", "{C379CBE4-162C-4D5B-AD01-716A92FC826F}"
EndProject
Project("{9A19103F-16F7-4668-BE54-9A1E7A4F7556}") = "Cotton Classing Database File Import Plugin", "Cotton Classing Database File Import Plugin\Cotton Classing Database File Import Plugin.csproj", "{03FBE5F9-DF2D-4646-8650-72782006BEE4}"
EndProject
Global
	GlobalSection(SolutionConfigurationPlatforms) = preSolution
		Debug|Any CPU = Debug|Any CPU
		Release|Any CPU = Release|Any CPU
	EndGlobalSection
	GlobalSection(ProjectConfigurationPlatforms) = postSolution
		{C379CBE4-162C-4D5B-AD01-716A92FC826F}.Debug|Any CPU.ActiveCfg = Debug|Any CPU
		{C379CBE4-162C-4D5B-AD01-716A92FC826F}.Debug|Any CPU.Build.0 = Debug|Any CPU
		{C379CBE4-162C-4D5B-AD01-716A92FC826F}.Release|Any CPU.ActiveCfg = Release|Any CPU
		{C379CBE4-162C-4D5B-AD01-716A92FC826F}.Release|Any CPU.Build.0 = Release|Any CPU
		{03FBE5F9-DF2D-4646-8650-72782006BEE4}.Debug|Any CPU.ActiveCfg = Debug|Any CPU
		{03FBE5F9-DF2D-4646-8650-72782006BEE4}.Debug|Any CPU.Build.0 = Debug|Any CPU
		{03FBE5F9-DF2D-4646-8650-72782006BEE4}.Release|Any CPU.ActiveCfg = Release|Any CPU
		{03FBE5F9-DF2D-4646-8650-72782006BEE4}.Release|Any CPU.Build.0 = Release|Any CPU
	EndGlobalSection
	GlobalSection(SolutionProperties) = preSolution
		HideSolutionNode = FALSE
	EndGlobalSection
	GlobalSection(ExtensibilityGlobals) = postSolution
		SolutionGuid = {19F8B042-7EC6-4785-B5E5-4A4F1F7B4F87}
	EndGlobalSection
EndGlobal
